
Microsoft Visual Studio Solution File, Format Version 12.00
# Visual Studio Version 16
VisualStudioVersion = 16.0.32413.511
MinimumVisualStudioVersion = 10.0.40219.1
Project("{8BC9CEB8-8B4A-11D0-8D11-00A0C91BC942}") = "1- Array de Char Enum", "1- Array de Char Enum\1- Array de Char Enum.vcxproj", "{43A1ED42-37A5-4F9D-AEEF-AC0D9C85E0CB}"
EndProject
Project("{8BC9CEB8-8B4A-11D0-8D11-00A0C91BC942}") = "2- Ejemplo Piedra Pepel y Tijeras", "2- Ejemplo Piedra Pepel y Tijeras\2- Ejemplo Piedra Pepel y Tijeras.vcxproj", "{C51DBD21-E230-4A29-9E80-8C595FD196D6}"
EndProject
Project("{8BC9CEB8-8B4A-11D0-8D11-00A0C91BC942}") = "TestEjercicio", "TestEjercicio\TestEjercicio.vcxproj", "{E04B69D9-CD95-4871-AB3C-DD135FDEA43A}"
EndProject
Global
	GlobalSection(SolutionConfigurationPlatforms) = preSolution
		Debug|x64 = Debug|x64
		Debug|x86 = Debug|x86
		Release|x64 = Release|x64
		Release|x86 = Release|x86
	EndGlobalSection
	GlobalSection(ProjectConfigurationPlatforms) = postSolution
		{43A1ED42-37A5-4F9D-AEEF-AC0D9C85E0CB}.Debug|x64.ActiveCfg = Debug|x64
		{43A1ED42-37A5-4F9D-AEEF-AC0D9C85E0CB}.Debug|x64.Build.0 = Debug|x64
		{43A1ED42-37A5-4F9D-AEEF-AC0D9C85E0CB}.Debug|x86.ActiveCfg = Debug|Win32
		{43A1ED42-37A5-4F9D-AEEF-AC0D9C85E0CB}.Debug|x86.Build.0 = Debug|Win32
		{43A1ED42-37A5-4F9D-AEEF-AC0D9C85E0CB}.Release|x64.ActiveCfg = Release|x64
		{43A1ED42-37A5-4F9D-AEEF-AC0D9C85E0CB}.Release|x64.Build.0 = Release|x64
		{43A1ED42-37A5-4F9D-AEEF-AC0D9C85E0CB}.Release|x86.ActiveCfg = Release|Win32
		{43A1ED42-37A5-4F9D-AEEF-AC0D9C85E0CB}.Release|x86.Build.0 = Release|Win32
		{C51DBD21-E230-4A29-9E80-8C595FD196D6}.Debug|x64.ActiveCfg = Debug|x64
		{C51DBD21-E230-4A29-9E80-8C595FD196D6}.Debug|x64.Build.0 = Debug|x64
		{C51DBD21-E230-4A29-9E80-8C595FD196D6}.Debug|x86.ActiveCfg = Debug|Win32
		{C51DBD21-E230-4A29-9E80-8C595FD196D6}.Debug|x86.Build.0 = Debug|Win32
		{C51DBD21-E230-4A29-9E80-8C595FD196D6}.Release|x64.ActiveCfg = Release|x64
		{C51DBD21-E230-4A29-9E80-8C595FD196D6}.Release|x64.Build.0 = Release|x64
		{C51DBD21-E230-4A29-9E80-8C595FD196D6}.Release|x86.ActiveCfg = Release|Win32
		{C51DBD21-E230-4A29-9E80-8C595FD196D6}.Release|x86.Build.0 = Release|Win32
		{E04B69D9-CD95-4871-AB3C-DD135FDEA43A}.Debug|x64.ActiveCfg = Debug|x64
		{E04B69D9-CD95-4871-AB3C-DD135FDEA43A}.Debug|x64.Build.0 = Debug|x64
		{E04B69D9-CD95-4871-AB3C-DD135FDEA43A}.Debug|x86.ActiveCfg = Debug|Win32
		{E04B69D9-CD95-4871-AB3C-DD135FDEA43A}.Debug|x86.Build.0 = Debug|Win32
		{E04B69D9-CD95-4871-AB3C-DD135FDEA43A}.Release|x64.ActiveCfg = Release|x64
		{E04B69D9-CD95-4871-AB3C-DD135FDEA43A}.Release|x64.Build.0 = Release|x64
		{E04B69D9-CD95-4871-AB3C-DD135FDEA43A}.Release|x86.ActiveCfg = Release|Win32
		{E04B69D9-CD95-4871-AB3C-DD135FDEA43A}.Release|x86.Build.0 = Release|Win32
	EndGlobalSection
	GlobalSection(SolutionProperties) = preSolution
		HideSolutionNode = FALSE
	EndGlobalSection
	GlobalSection(ExtensibilityGlobals) = postSolution
		SolutionGuid = {73139672-755F-4AC6-9E28-87778AFB5F75}
	EndGlobalSection
EndGlobal
