
Microsoft Visual Studio Solution File, Format Version 12.00
# Visual Studio Version 16
VisualStudioVersion = 16.0.32413.511
MinimumVisualStudioVersion = 10.0.40219.1
Project("{8BC9CEB8-8B4A-11D0-8D11-00A0C91BC942}") = "Barroso", "Barroso\Barroso.vcxproj", "{128C2751-391D-4C59-8127-C50B2BF61397}"
EndProject
Project("{8BC9CEB8-8B4A-11D0-8D11-00A0C91BC942}") = "Pohn", "Pohn\Pohn.vcxproj", "{F6CF3A07-FDC9-480E-9408-75D2904C573F}"
EndProject
Project("{8BC9CEB8-8B4A-11D0-8D11-00A0C91BC942}") = "Digilio", "Digilio\Digilio.vcxproj", "{9D7FF818-26EC-4C56-9261-8C12D52F431F}"
EndProject
Project("{8BC9CEB8-8B4A-11D0-8D11-00A0C91BC942}") = "Fonte", "Fonte\Fonte.vcxproj", "{D6C44547-6866-4387-A427-A2CE80FBE418}"
EndProject
Project("{8BC9CEB8-8B4A-11D0-8D11-00A0C91BC942}") = "Jonas", "Jonas\Jonas.vcxproj", "{A93FE412-50B8-4A25-92FF-3D5225D012F7}"
EndProject
Project("{8BC9CEB8-8B4A-11D0-8D11-00A0C91BC942}") = "Souza", "Souza\Souza.vcxproj", "{CF939FB8-CC3D-4720-B0C5-BFBCE729B290}"
EndProject
Project("{8BC9CEB8-8B4A-11D0-8D11-00A0C91BC942}") = "Harriague", "Harriague\Harriague.vcxproj", "{71EDCA08-661E-4559-82FC-9BCE47ECB218}"
EndProject
Project("{8BC9CEB8-8B4A-11D0-8D11-00A0C91BC942}") = "Herrero", "Herrero\Herrero.vcxproj", "{061A40D0-D3EB-4921-82DA-0644F59237BE}"
EndProject
Project("{8BC9CEB8-8B4A-11D0-8D11-00A0C91BC942}") = "Laure", "Laure\Laure.vcxproj", "{8C7A836C-4EF7-4620-BEF0-976BE1AAF952}"
EndProject
Project("{8BC9CEB8-8B4A-11D0-8D11-00A0C91BC942}") = "Pivetta", "Pivetta\Pivetta.vcxproj", "{ADFE2347-2D30-4707-853B-0D9F46C9A97D}"
EndProject
Project("{8BC9CEB8-8B4A-11D0-8D11-00A0C91BC942}") = "Prieto", "Prieto\Prieto.vcxproj", "{89F6E912-0D9B-42A2-A29A-32E0D2F1A813}"
EndProject
Project("{8BC9CEB8-8B4A-11D0-8D11-00A0C91BC942}") = "Venialgo", "Venialgo\Venialgo.vcxproj", "{828E11E3-49A6-46A0-AFF1-78D6F8712DA2}"
EndProject
Project("{8BC9CEB8-8B4A-11D0-8D11-00A0C91BC942}") = "Jalabert", "Jalabert\Jalabert.vcxproj", "{FDDD36E7-185D-43E9-9BDB-A51A78EA628D}"
EndProject
Project("{8BC9CEB8-8B4A-11D0-8D11-00A0C91BC942}") = "zHuanca", "zHuanca\zHuanca.vcxproj", "{A40EE638-BBC7-4AD6-BB20-F52025225629}"
EndProject
Project("{8BC9CEB8-8B4A-11D0-8D11-00A0C91BC942}") = "zMonastra", "zMonastra\zMonastra.vcxproj", "{6901A0C1-AE87-4F73-A1B3-DD2D8871912A}"
EndProject
Global
	GlobalSection(SolutionConfigurationPlatforms) = preSolution
		Debug|x64 = Debug|x64
		Debug|x86 = Debug|x86
		Release|x64 = Release|x64
		Release|x86 = Release|x86
	EndGlobalSection
	GlobalSection(ProjectConfigurationPlatforms) = postSolution
		{128C2751-391D-4C59-8127-C50B2BF61397}.Debug|x64.ActiveCfg = Debug|x64
		{128C2751-391D-4C59-8127-C50B2BF61397}.Debug|x64.Build.0 = Debug|x64
		{128C2751-391D-4C59-8127-C50B2BF61397}.Debug|x86.ActiveCfg = Debug|Win32
		{128C2751-391D-4C59-8127-C50B2BF61397}.Debug|x86.Build.0 = Debug|Win32
		{128C2751-391D-4C59-8127-C50B2BF61397}.Release|x64.ActiveCfg = Release|x64
		{128C2751-391D-4C59-8127-C50B2BF61397}.Release|x64.Build.0 = Release|x64
		{128C2751-391D-4C59-8127-C50B2BF61397}.Release|x86.ActiveCfg = Release|Win32
		{128C2751-391D-4C59-8127-C50B2BF61397}.Release|x86.Build.0 = Release|Win32
		{F6CF3A07-FDC9-480E-9408-75D2904C573F}.Debug|x64.ActiveCfg = Debug|x64
		{F6CF3A07-FDC9-480E-9408-75D2904C573F}.Debug|x64.Build.0 = Debug|x64
		{F6CF3A07-FDC9-480E-9408-75D2904C573F}.Debug|x86.ActiveCfg = Debug|Win32
		{F6CF3A07-FDC9-480E-9408-75D2904C573F}.Debug|x86.Build.0 = Debug|Win32
		{F6CF3A07-FDC9-480E-9408-75D2904C573F}.Release|x64.ActiveCfg = Release|x64
		{F6CF3A07-FDC9-480E-9408-75D2904C573F}.Release|x64.Build.0 = Release|x64
		{F6CF3A07-FDC9-480E-9408-75D2904C573F}.Release|x86.ActiveCfg = Release|Win32
		{F6CF3A07-FDC9-480E-9408-75D2904C573F}.Release|x86.Build.0 = Release|Win32
		{9D7FF818-26EC-4C56-9261-8C12D52F431F}.Debug|x64.ActiveCfg = Debug|x64
		{9D7FF818-26EC-4C56-9261-8C12D52F431F}.Debug|x64.Build.0 = Debug|x64
		{9D7FF818-26EC-4C56-9261-8C12D52F431F}.Debug|x86.ActiveCfg = Debug|Win32
		{9D7FF818-26EC-4C56-9261-8C12D52F431F}.Debug|x86.Build.0 = Debug|Win32
		{9D7FF818-26EC-4C56-9261-8C12D52F431F}.Release|x64.ActiveCfg = Release|x64
		{9D7FF818-26EC-4C56-9261-8C12D52F431F}.Release|x64.Build.0 = Release|x64
		{9D7FF818-26EC-4C56-9261-8C12D52F431F}.Release|x86.ActiveCfg = Release|Win32
		{9D7FF818-26EC-4C56-9261-8C12D52F431F}.Release|x86.Build.0 = Release|Win32
		{D6C44547-6866-4387-A427-A2CE80FBE418}.Debug|x64.ActiveCfg = Debug|x64
		{D6C44547-6866-4387-A427-A2CE80FBE418}.Debug|x64.Build.0 = Debug|x64
		{D6C44547-6866-4387-A427-A2CE80FBE418}.Debug|x86.ActiveCfg = Debug|Win32
		{D6C44547-6866-4387-A427-A2CE80FBE418}.Debug|x86.Build.0 = Debug|Win32
		{D6C44547-6866-4387-A427-A2CE80FBE418}.Release|x64.ActiveCfg = Release|x64
		{D6C44547-6866-4387-A427-A2CE80FBE418}.Release|x64.Build.0 = Release|x64
		{D6C44547-6866-4387-A427-A2CE80FBE418}.Release|x86.ActiveCfg = Release|Win32
		{D6C44547-6866-4387-A427-A2CE80FBE418}.Release|x86.Build.0 = Release|Win32
		{A93FE412-50B8-4A25-92FF-3D5225D012F7}.Debug|x64.ActiveCfg = Debug|x64
		{A93FE412-50B8-4A25-92FF-3D5225D012F7}.Debug|x64.Build.0 = Debug|x64
		{A93FE412-50B8-4A25-92FF-3D5225D012F7}.Debug|x86.ActiveCfg = Debug|Win32
		{A93FE412-50B8-4A25-92FF-3D5225D012F7}.Debug|x86.Build.0 = Debug|Win32
		{A93FE412-50B8-4A25-92FF-3D5225D012F7}.Release|x64.ActiveCfg = Release|x64
		{A93FE412-50B8-4A25-92FF-3D5225D012F7}.Release|x64.Build.0 = Release|x64
		{A93FE412-50B8-4A25-92FF-3D5225D012F7}.Release|x86.ActiveCfg = Release|Win32
		{A93FE412-50B8-4A25-92FF-3D5225D012F7}.Release|x86.Build.0 = Release|Win32
		{CF939FB8-CC3D-4720-B0C5-BFBCE729B290}.Debug|x64.ActiveCfg = Debug|x64
		{CF939FB8-CC3D-4720-B0C5-BFBCE729B290}.Debug|x64.Build.0 = Debug|x64
		{CF939FB8-CC3D-4720-B0C5-BFBCE729B290}.Debug|x86.ActiveCfg = Debug|Win32
		{CF939FB8-CC3D-4720-B0C5-BFBCE729B290}.Debug|x86.Build.0 = Debug|Win32
		{CF939FB8-CC3D-4720-B0C5-BFBCE729B290}.Release|x64.ActiveCfg = Release|x64
		{CF939FB8-CC3D-4720-B0C5-BFBCE729B290}.Release|x64.Build.0 = Release|x64
		{CF939FB8-CC3D-4720-B0C5-BFBCE729B290}.Release|x86.ActiveCfg = Release|Win32
		{CF939FB8-CC3D-4720-B0C5-BFBCE729B290}.Release|x86.Build.0 = Release|Win32
		{71EDCA08-661E-4559-82FC-9BCE47ECB218}.Debug|x64.ActiveCfg = Debug|x64
		{71EDCA08-661E-4559-82FC-9BCE47ECB218}.Debug|x64.Build.0 = Debug|x64
		{71EDCA08-661E-4559-82FC-9BCE47ECB218}.Debug|x86.ActiveCfg = Debug|Win32
		{71EDCA08-661E-4559-82FC-9BCE47ECB218}.Debug|x86.Build.0 = Debug|Win32
		{71EDCA08-661E-4559-82FC-9BCE47ECB218}.Release|x64.ActiveCfg = Release|x64
		{71EDCA08-661E-4559-82FC-9BCE47ECB218}.Release|x64.Build.0 = Release|x64
		{71EDCA08-661E-4559-82FC-9BCE47ECB218}.Release|x86.ActiveCfg = Release|Win32
		{71EDCA08-661E-4559-82FC-9BCE47ECB218}.Release|x86.Build.0 = Release|Win32
		{061A40D0-D3EB-4921-82DA-0644F59237BE}.Debug|x64.ActiveCfg = Debug|x64
		{061A40D0-D3EB-4921-82DA-0644F59237BE}.Debug|x64.Build.0 = Debug|x64
		{061A40D0-D3EB-4921-82DA-0644F59237BE}.Debug|x86.ActiveCfg = Debug|Win32
		{061A40D0-D3EB-4921-82DA-0644F59237BE}.Debug|x86.Build.0 = Debug|Win32
		{061A40D0-D3EB-4921-82DA-0644F59237BE}.Release|x64.ActiveCfg = Release|x64
		{061A40D0-D3EB-4921-82DA-0644F59237BE}.Release|x64.Build.0 = Release|x64
		{061A40D0-D3EB-4921-82DA-0644F59237BE}.Release|x86.ActiveCfg = Release|Win32
		{061A40D0-D3EB-4921-82DA-0644F59237BE}.Release|x86.Build.0 = Release|Win32
		{8C7A836C-4EF7-4620-BEF0-976BE1AAF952}.Debug|x64.ActiveCfg = Debug|x64
		{8C7A836C-4EF7-4620-BEF0-976BE1AAF952}.Debug|x64.Build.0 = Debug|x64
		{8C7A836C-4EF7-4620-BEF0-976BE1AAF952}.Debug|x86.ActiveCfg = Debug|Win32
		{8C7A836C-4EF7-4620-BEF0-976BE1AAF952}.Debug|x86.Build.0 = Debug|Win32
		{8C7A836C-4EF7-4620-BEF0-976BE1AAF952}.Release|x64.ActiveCfg = Release|x64
		{8C7A836C-4EF7-4620-BEF0-976BE1AAF952}.Release|x64.Build.0 = Release|x64
		{8C7A836C-4EF7-4620-BEF0-976BE1AAF952}.Release|x86.ActiveCfg = Release|Win32
		{8C7A836C-4EF7-4620-BEF0-976BE1AAF952}.Release|x86.Build.0 = Release|Win32
		{ADFE2347-2D30-4707-853B-0D9F46C9A97D}.Debug|x64.ActiveCfg = Debug|x64
		{ADFE2347-2D30-4707-853B-0D9F46C9A97D}.Debug|x64.Build.0 = Debug|x64
		{ADFE2347-2D30-4707-853B-0D9F46C9A97D}.Debug|x86.ActiveCfg = Debug|Win32
		{ADFE2347-2D30-4707-853B-0D9F46C9A97D}.Debug|x86.Build.0 = Debug|Win32
		{ADFE2347-2D30-4707-853B-0D9F46C9A97D}.Release|x64.ActiveCfg = Release|x64
		{ADFE2347-2D30-4707-853B-0D9F46C9A97D}.Release|x64.Build.0 = Release|x64
		{ADFE2347-2D30-4707-853B-0D9F46C9A97D}.Release|x86.ActiveCfg = Release|Win32
		{ADFE2347-2D30-4707-853B-0D9F46C9A97D}.Release|x86.Build.0 = Release|Win32
		{89F6E912-0D9B-42A2-A29A-32E0D2F1A813}.Debug|x64.ActiveCfg = Debug|x64
		{89F6E912-0D9B-42A2-A29A-32E0D2F1A813}.Debug|x64.Build.0 = Debug|x64
		{89F6E912-0D9B-42A2-A29A-32E0D2F1A813}.Debug|x86.ActiveCfg = Debug|Win32
		{89F6E912-0D9B-42A2-A29A-32E0D2F1A813}.Debug|x86.Build.0 = Debug|Win32
		{89F6E912-0D9B-42A2-A29A-32E0D2F1A813}.Release|x64.ActiveCfg = Release|x64
		{89F6E912-0D9B-42A2-A29A-32E0D2F1A813}.Release|x64.Build.0 = Release|x64
		{89F6E912-0D9B-42A2-A29A-32E0D2F1A813}.Release|x86.ActiveCfg = Release|Win32
		{89F6E912-0D9B-42A2-A29A-32E0D2F1A813}.Release|x86.Build.0 = Release|Win32
		{828E11E3-49A6-46A0-AFF1-78D6F8712DA2}.Debug|x64.ActiveCfg = Debug|x64
		{828E11E3-49A6-46A0-AFF1-78D6F8712DA2}.Debug|x64.Build.0 = Debug|x64
		{828E11E3-49A6-46A0-AFF1-78D6F8712DA2}.Debug|x86.ActiveCfg = Debug|Win32
		{828E11E3-49A6-46A0-AFF1-78D6F8712DA2}.Debug|x86.Build.0 = Debug|Win32
		{828E11E3-49A6-46A0-AFF1-78D6F8712DA2}.Release|x64.ActiveCfg = Release|x64
		{828E11E3-49A6-46A0-AFF1-78D6F8712DA2}.Release|x64.Build.0 = Release|x64
		{828E11E3-49A6-46A0-AFF1-78D6F8712DA2}.Release|x86.ActiveCfg = Release|Win32
		{828E11E3-49A6-46A0-AFF1-78D6F8712DA2}.Release|x86.Build.0 = Release|Win32
		{FDDD36E7-185D-43E9-9BDB-A51A78EA628D}.Debug|x64.ActiveCfg = Debug|x64
		{FDDD36E7-185D-43E9-9BDB-A51A78EA628D}.Debug|x64.Build.0 = Debug|x64
		{FDDD36E7-185D-43E9-9BDB-A51A78EA628D}.Debug|x86.ActiveCfg = Debug|Win32
		{FDDD36E7-185D-43E9-9BDB-A51A78EA628D}.Debug|x86.Build.0 = Debug|Win32
		{FDDD36E7-185D-43E9-9BDB-A51A78EA628D}.Release|x64.ActiveCfg = Release|x64
		{FDDD36E7-185D-43E9-9BDB-A51A78EA628D}.Release|x64.Build.0 = Release|x64
		{FDDD36E7-185D-43E9-9BDB-A51A78EA628D}.Release|x86.ActiveCfg = Release|Win32
		{FDDD36E7-185D-43E9-9BDB-A51A78EA628D}.Release|x86.Build.0 = Release|Win32
		{A40EE638-BBC7-4AD6-BB20-F52025225629}.Debug|x64.ActiveCfg = Debug|x64
		{A40EE638-BBC7-4AD6-BB20-F52025225629}.Debug|x64.Build.0 = Debug|x64
		{A40EE638-BBC7-4AD6-BB20-F52025225629}.Debug|x86.ActiveCfg = Debug|Win32
		{A40EE638-BBC7-4AD6-BB20-F52025225629}.Debug|x86.Build.0 = Debug|Win32
		{A40EE638-BBC7-4AD6-BB20-F52025225629}.Release|x64.ActiveCfg = Release|x64
		{A40EE638-BBC7-4AD6-BB20-F52025225629}.Release|x64.Build.0 = Release|x64
		{A40EE638-BBC7-4AD6-BB20-F52025225629}.Release|x86.ActiveCfg = Release|Win32
		{A40EE638-BBC7-4AD6-BB20-F52025225629}.Release|x86.Build.0 = Release|Win32
		{6901A0C1-AE87-4F73-A1B3-DD2D8871912A}.Debug|x64.ActiveCfg = Debug|x64
		{6901A0C1-AE87-4F73-A1B3-DD2D8871912A}.Debug|x64.Build.0 = Debug|x64
		{6901A0C1-AE87-4F73-A1B3-DD2D8871912A}.Debug|x86.ActiveCfg = Debug|Win32
		{6901A0C1-AE87-4F73-A1B3-DD2D8871912A}.Debug|x86.Build.0 = Debug|Win32
		{6901A0C1-AE87-4F73-A1B3-DD2D8871912A}.Release|x64.ActiveCfg = Release|x64
		{6901A0C1-AE87-4F73-A1B3-DD2D8871912A}.Release|x64.Build.0 = Release|x64
		{6901A0C1-AE87-4F73-A1B3-DD2D8871912A}.Release|x86.ActiveCfg = Release|Win32
		{6901A0C1-AE87-4F73-A1B3-DD2D8871912A}.Release|x86.Build.0 = Release|Win32
	EndGlobalSection
	GlobalSection(SolutionProperties) = preSolution
		HideSolutionNode = FALSE
	EndGlobalSection
	GlobalSection(ExtensibilityGlobals) = postSolution
		SolutionGuid = {2305B92B-C53E-40DF-99D8-78DCF85B6D0E}
	EndGlobalSection
EndGlobal
